
Microsoft Visual Studio Solution File, Format Version 12.00
# Visual Studio Version 17
VisualStudioVersion = 17.0.31912.275
MinimumVisualStudioVersion = 10.0.40219.1
Project("{FAE04EC0-301F-11D3-BF4B-00C04F79EFBC}") = "upinterface", "upinterface\upinterface.csproj", "{F3D0CE39-F5A6-4965-AE1B-D54FB9A6DED9}"
EndProject
Project("{FAE04EC0-301F-11D3-BF4B-00C04F79EFBC}") = "zd2", "zd2\zd2.csproj", "{563DC73B-7C0C-4F1B-961A-76DBE290E469}"
EndProject
Project("{FAE04EC0-301F-11D3-BF4B-00C04F79EFBC}") = "zd33", "zd33\zd33.csproj", "{B40AE8E2-3264-401E-B6D4-42E47DDDBB28}"
EndProject
Global
	GlobalSection(SolutionConfigurationPlatforms) = preSolution
		Debug|Any CPU = Debug|Any CPU
		Release|Any CPU = Release|Any CPU
	EndGlobalSection
	GlobalSection(ProjectConfigurationPlatforms) = postSolution
		{F3D0CE39-F5A6-4965-AE1B-D54FB9A6DED9}.Debug|Any CPU.ActiveCfg = Debug|Any CPU
		{F3D0CE39-F5A6-4965-AE1B-D54FB9A6DED9}.Debug|Any CPU.Build.0 = Debug|Any CPU
		{F3D0CE39-F5A6-4965-AE1B-D54FB9A6DED9}.Release|Any CPU.ActiveCfg = Release|Any CPU
		{F3D0CE39-F5A6-4965-AE1B-D54FB9A6DED9}.Release|Any CPU.Build.0 = Release|Any CPU
		{563DC73B-7C0C-4F1B-961A-76DBE290E469}.Debug|Any CPU.ActiveCfg = Debug|Any CPU
		{563DC73B-7C0C-4F1B-961A-76DBE290E469}.Debug|Any CPU.Build.0 = Debug|Any CPU
		{563DC73B-7C0C-4F1B-961A-76DBE290E469}.Release|Any CPU.ActiveCfg = Release|Any CPU
		{563DC73B-7C0C-4F1B-961A-76DBE290E469}.Release|Any CPU.Build.0 = Release|Any CPU
		{B40AE8E2-3264-401E-B6D4-42E47DDDBB28}.Debug|Any CPU.ActiveCfg = Debug|Any CPU
		{B40AE8E2-3264-401E-B6D4-42E47DDDBB28}.Debug|Any CPU.Build.0 = Debug|Any CPU
		{B40AE8E2-3264-401E-B6D4-42E47DDDBB28}.Release|Any CPU.ActiveCfg = Release|Any CPU
		{B40AE8E2-3264-401E-B6D4-42E47DDDBB28}.Release|Any CPU.Build.0 = Release|Any CPU
	EndGlobalSection
	GlobalSection(SolutionProperties) = preSolution
		HideSolutionNode = FALSE
	EndGlobalSection
	GlobalSection(ExtensibilityGlobals) = postSolution
		SolutionGuid = {CA0666FA-3F06-4F0D-A4DB-09FDA6679701}
	EndGlobalSection
EndGlobal
